// !$*UTF8*$!
{
	archiveVersion = 1;
	classes = {
	};
	objectVersion = 50;
	objects = {

/* Begin PBXBuildFile section */
		8F16248621A24B46008DAF0E /* TimerViewController.swift in Sources */ = {isa = PBXBuildFile; fileRef = 8F16248521A24B46008DAF0E /* TimerViewController.swift */; };
		8F3CA7F721A24FA500EAD79C /* EventMonitor.swift in Sources */ = {isa = PBXBuildFile; fileRef = 8F3CA7F621A24FA500EAD79C /* EventMonitor.swift */; };
		8F7E771921A2C92700E6C873 /* TimerMenuController.swift in Sources */ = {isa = PBXBuildFile; fileRef = 8F7E771821A2C92700E6C873 /* TimerMenuController.swift */; };
		8F8927CE21A252D0002B0DC8 /* TimerService.swift in Sources */ = {isa = PBXBuildFile; fileRef = 8F8927CD21A252D0002B0DC8 /* TimerService.swift */; };
		8FA6B78521A243B400A04BD0 /* AppDelegate.swift in Sources */ = {isa = PBXBuildFile; fileRef = 8FA6B78421A243B400A04BD0 /* AppDelegate.swift */; };
		8FA6B78921A243B400A04BD0 /* Assets.xcassets in Resources */ = {isa = PBXBuildFile; fileRef = 8FA6B78821A243B400A04BD0 /* Assets.xcassets */; };
		8FA6B78C21A243B400A04BD0 /* Main.storyboard in Resources */ = {isa = PBXBuildFile; fileRef = 8FA6B78A21A243B400A04BD0 /* Main.storyboard */; };
/* End PBXBuildFile section */

/* Begin PBXFileReference section */
		8F16248521A24B46008DAF0E /* TimerViewController.swift */ = {isa = PBXFileReference; lastKnownFileType = sourcecode.swift; name = TimerViewController.swift; path = pom/Timer/TimerViewController.swift; sourceTree = SOURCE_ROOT; };
		8F3CA7F621A24FA500EAD79C /* EventMonitor.swift */ = {isa = PBXFileReference; lastKnownFileType = sourcecode.swift; path = EventMonitor.swift; sourceTree = "<group>"; };
		8F7E771821A2C92700E6C873 /* TimerMenuController.swift */ = {isa = PBXFileReference; lastKnownFileType = sourcecode.swift; path = TimerMenuController.swift; sourceTree = "<group>"; };
		8F8927CD21A252D0002B0DC8 /* TimerService.swift */ = {isa = PBXFileReference; lastKnownFileType = sourcecode.swift; name = TimerService.swift; path = pom/Timer/TimerService.swift; sourceTree = SOURCE_ROOT; };
		8FA6B78121A243B400A04BD0 /* pom.app */ = {isa = PBXFileReference; explicitFileType = wrapper.application; includeInIndex = 0; path = pom.app; sourceTree = BUILT_PRODUCTS_DIR; };
		8FA6B78421A243B400A04BD0 /* AppDelegate.swift */ = {isa = PBXFileReference; lastKnownFileType = sourcecode.swift; path = AppDelegate.swift; sourceTree = "<group>"; };
		8FA6B78821A243B400A04BD0 /* Assets.xcassets */ = {isa = PBXFileReference; lastKnownFileType = folder.assetcatalog; path = Assets.xcassets; sourceTree = "<group>"; };
		8FA6B78B21A243B400A04BD0 /* Base */ = {isa = PBXFileReference; lastKnownFileType = file.storyboard; name = Base; path = Base.lproj/Main.storyboard; sourceTree = "<group>"; };
		8FA6B78D21A243B400A04BD0 /* Info.plist */ = {isa = PBXFileReference; lastKnownFileType = text.plist.xml; path = Info.plist; sourceTree = "<group>"; };
		8FA6B78E21A243B400A04BD0 /* pom.entitlements */ = {isa = PBXFileReference; lastKnownFileType = text.plist.entitlements; path = pom.entitlements; sourceTree = "<group>"; };
/* End PBXFileReference section */

/* Begin PBXFrameworksBuildPhase section */
		8FA6B77E21A243B400A04BD0 /* Frameworks */ = {
			isa = PBXFrameworksBuildPhase;
			buildActionMask = 2147483647;
			files = (
			);
			runOnlyForDeploymentPostprocessing = 0;
		};
/* End PBXFrameworksBuildPhase section */

/* Begin PBXGroup section */
		8FA6B77821A243B400A04BD0 = {
			isa = PBXGroup;
			children = (
				8FA6B78321A243B400A04BD0 /* pom */,
				8FA6B78221A243B400A04BD0 /* Products */,
			);
			sourceTree = "<group>";
		};
		8FA6B78221A243B400A04BD0 /* Products */ = {
			isa = PBXGroup;
			children = (
				8FA6B78121A243B400A04BD0 /* pom.app */,
			);
			name = Products;
			sourceTree = "<group>";
		};
		8FA6B78321A243B400A04BD0 /* pom */ = {
			isa = PBXGroup;
			children = (
				8FA6B78821A243B400A04BD0 /* Assets.xcassets */,
				8FA6B78D21A243B400A04BD0 /* Info.plist */,
				8FA6B78E21A243B400A04BD0 /* pom.entitlements */,
				8FA6B79621A2469D00A04BD0 /* Timer */,
				8FA6B78A21A243B400A04BD0 /* Main.storyboard */,
				8FA6B78421A243B400A04BD0 /* AppDelegate.swift */,
				8F3CA7F621A24FA500EAD79C /* EventMonitor.swift */,
			);
			path = pom;
			sourceTree = "<group>";
		};
		8FA6B79621A2469D00A04BD0 /* Timer */ = {
			isa = PBXGroup;
			children = (
				8F16248521A24B46008DAF0E /* TimerViewController.swift */,
				8F7E771821A2C92700E6C873 /* TimerMenuController.swift */,
				8F8927CD21A252D0002B0DC8 /* TimerService.swift */,
			);
			name = Timer;
			path = pom/Timer;
			sourceTree = SOURCE_ROOT;
		};
/* End PBXGroup section */

/* Begin PBXNativeTarget section */
		8FA6B78021A243B400A04BD0 /* pom */ = {
			isa = PBXNativeTarget;
			buildConfigurationList = 8FA6B79121A243B400A04BD0 /* Build configuration list for PBXNativeTarget "pom" */;
			buildPhases = (
				8FA6B77D21A243B400A04BD0 /* Sources */,
				8FA6B77E21A243B400A04BD0 /* Frameworks */,
				8FA6B77F21A243B400A04BD0 /* Resources */,
			);
			buildRules = (
			);
			dependencies = (
			);
			name = pom;
			productName = pom;
			productReference = 8FA6B78121A243B400A04BD0 /* pom.app */;
			productType = "com.apple.product-type.application";
		};
/* End PBXNativeTarget section */

/* Begin PBXProject section */
		8FA6B77921A243B400A04BD0 /* Project object */ = {
			isa = PBXProject;
			attributes = {
				LastSwiftUpdateCheck = 1010;
				LastUpgradeCheck = 1010;
				ORGANIZATIONNAME = "Alex Luong";
				TargetAttributes = {
					8FA6B78021A243B400A04BD0 = {
						CreatedOnToolsVersion = 10.1;
					};
				};
			};
			buildConfigurationList = 8FA6B77C21A243B400A04BD0 /* Build configuration list for PBXProject "pom" */;
			compatibilityVersion = "Xcode 9.3";
			developmentRegion = en;
			hasScannedForEncodings = 0;
			knownRegions = (
				en,
				Base,
			);
			mainGroup = 8FA6B77821A243B400A04BD0;
			productRefGroup = 8FA6B78221A243B400A04BD0 /* Products */;
			projectDirPath = "";
			projectRoot = "";
			targets = (
				8FA6B78021A243B400A04BD0 /* pom */,
			);
		};
/* End PBXProject section */

/* Begin PBXResourcesBuildPhase section */
		8FA6B77F21A243B400A04BD0 /* Resources */ = {
			isa = PBXResourcesBuildPhase;
			buildActionMask = 2147483647;
			files = (
				8FA6B78921A243B400A04BD0 /* Assets.xcassets in Resources */,
				8FA6B78C21A243B400A04BD0 /* Main.storyboard in Resources */,
			);
			runOnlyForDeploymentPostprocessing = 0;
		};
/* End PBXResourcesBuildPhase section */

/* Begin PBXSourcesBuildPhase section */
		8FA6B77D21A243B400A04BD0 /* Sources */ = {
			isa = PBXSourcesBuildPhase;
			buildActionMask = 2147483647;
			files = (
				8F16248621A24B46008DAF0E /* TimerViewController.swift in Sources */,
				8FA6B78521A243B400A04BD0 /* AppDelegate.swift in Sources */,
				8F8927CE21A252D0002B0DC8 /* TimerService.swift in Sources */,
				8F3CA7F721A24FA500EAD79C /* EventMonitor.swift in Sources */,
				8F7E771921A2C92700E6C873 /* TimerMenuController.swift in Sources */,
			);
			runOnlyForDeploymentPostprocessing = 0;
		};
/* End PBXSourcesBuildPhase section */

/* Begin PBXVariantGroup section */
		8FA6B78A21A243B400A04BD0 /* Main.storyboard */ = {
			isa = PBXVariantGroup;
			children = (
				8FA6B78B21A243B400A04BD0 /* Base */,
			);
			name = Main.storyboard;
			sourceTree = "<group>";
		};
/* End PBXVariantGroup section */

/* Begin XCBuildConfiguration section */
		8FA6B78F21A243B400A04BD0 /* Debug */ = {
			isa = XCBuildConfiguration;
			buildSettings = {
				ALWAYS_SEARCH_USER_PATHS = NO;
				CLANG_ANALYZER_NONNULL = YES;
				CLANG_ANALYZER_NUMBER_OBJECT_CONVERSION = YES_AGGRESSIVE;
				CLANG_CXX_LANGUAGE_STANDARD = "gnu++14";
				CLANG_CXX_LIBRARY = "libc++";
				CLANG_ENABLE_MODULES = YES;
				CLANG_ENABLE_OBJC_ARC = YES;
				CLANG_ENABLE_OBJC_WEAK = YES;
				CLANG_WARN_BLOCK_CAPTURE_AUTORELEASING = YES;
				CLANG_WARN_BOOL_CONVERSION = YES;
				CLANG_WARN_COMMA = YES;
				CLANG_WARN_CONSTANT_CONVERSION = YES;
				CLANG_WARN_DEPRECATED_OBJC_IMPLEMENTATIONS = YES;
				CLANG_WARN_DIRECT_OBJC_ISA_USAGE = YES_ERROR;
				CLANG_WARN_DOCUMENTATION_COMMENTS = YES;
				CLANG_WARN_EMPTY_BODY = YES;
				CLANG_WARN_ENUM_CONVERSION = YES;
				CLANG_WARN_INFINITE_RECURSION = YES;
				CLANG_WARN_INT_CONVERSION = YES;
				CLANG_WARN_NON_LITERAL_NULL_CONVERSION = YES;
				CLANG_WARN_OBJC_IMPLICIT_RETAIN_SELF = YES;
				CLANG_WARN_OBJC_LITERAL_CONVERSION = YES;
				CLANG_WARN_OBJC_ROOT_CLASS = YES_ERROR;
				CLANG_WARN_RANGE_LOOP_ANALYSIS = YES;
				CLANG_WARN_STRICT_PROTOTYPES = YES;
				CLANG_WARN_SUSPICIOUS_MOVE = YES;
				CLANG_WARN_UNGUARDED_AVAILABILITY = YES_AGGRESSIVE;
				CLANG_WARN_UNREACHABLE_CODE = YES;
				CLANG_WARN__DUPLICATE_METHOD_MATCH = YES;
				CODE_SIGN_IDENTITY = "Mac Developer";
				COPY_PHASE_STRIP = NO;
				DEBUG_INFORMATION_FORMAT = dwarf;
				ENABLE_STRICT_OBJC_MSGSEND = YES;
				ENABLE_TESTABILITY = YES;
				GCC_C_LANGUAGE_STANDARD = gnu11;
				GCC_DYNAMIC_NO_PIC = NO;
				GCC_NO_COMMON_BLOCKS = YES;
				GCC_OPTIMIZATION_LEVEL = 0;
				GCC_PREPROCESSOR_DEFINITIONS = (
					"DEBUG=1",
					"$(inherited)",
				);
				GCC_WARN_64_TO_32_BIT_CONVERSION = YES;
				GCC_WARN_ABOUT_RETURN_TYPE = YES_ERROR;
				GCC_WARN_UNDECLARED_SELECTOR = YES;
				GCC_WARN_UNINITIALIZED_AUTOS = YES_AGGRESSIVE;
				GCC_WARN_UNUSED_FUNCTION = YES;
				GCC_WARN_UNUSED_VARIABLE = YES;
				MACOSX_DEPLOYMENT_TARGET = 10.13;
				MTL_ENABLE_DEBUG_INFO = INCLUDE_SOURCE;
				MTL_FAST_MATH = YES;
				ONLY_ACTIVE_ARCH = YES;
				SDKROOT = macosx;
				SWIFT_ACTIVE_COMPILATION_CONDITIONS = DEBUG;
				SWIFT_OPTIMIZATION_LEVEL = "-Onone";
			};
			name = Debug;
		};
		8FA6B79021A243B400A04BD0 /* Release */ = {
			isa = XCBuildConfiguration;
			buildSettings = {
				ALWAYS_SEARCH_USER_PATHS = NO;
				CLANG_ANALYZER_NONNULL = YES;
				CLANG_ANALYZER_NUMBER_OBJECT_CONVERSION = YES_AGGRESSIVE;
				CLANG_CXX_LANGUAGE_STANDARD = "gnu++14";
				CLANG_CXX_LIBRARY = "libc++";
				CLANG_ENABLE_MODULES = YES;
				CLANG_ENABLE_OBJC_ARC = YES;
				CLANG_ENABLE_OBJC_WEAK = YES;
				CLANG_WARN_BLOCK_CAPTURE_AUTORELEASING = YES;
				CLANG_WARN_BOOL_CONVERSION = YES;
				CLANG_WARN_COMMA = YES;
				CLANG_WARN_CONSTANT_CONVERSION = YES;
				CLANG_WARN_DEPRECATED_OBJC_IMPLEMENTATIONS = YES;
				CLANG_WARN_DIRECT_OBJC_ISA_USAGE = YES_ERROR;
				CLANG_WARN_DOCUMENTATION_COMMENTS = YES;
				CLANG_WARN_EMPTY_BODY = YES;
				CLANG_WARN_ENUM_CONVERSION = YES;
				CLANG_WARN_INFINITE_RECURSION = YES;
				CLANG_WARN_INT_CONVERSION = YES;
				CLANG_WARN_NON_LITERAL_NULL_CONVERSION = YES;
				CLANG_WARN_OBJC_IMPLICIT_RETAIN_SELF = YES;
				CLANG_WARN_OBJC_LITERAL_CONVERSION = YES;
				CLANG_WARN_OBJC_ROOT_CLASS = YES_ERROR;
				CLANG_WARN_RANGE_LOOP_ANALYSIS = YES;
				CLANG_WARN_STRICT_PROTOTYPES = YES;
				CLANG_WARN_SUSPICIOUS_MOVE = YES;
				CLANG_WARN_UNGUARDED_AVAILABILITY = YES_AGGRESSIVE;
				CLANG_WARN_UNREACHABLE_CODE = YES;
				CLANG_WARN__DUPLICATE_METHOD_MATCH = YES;
				CODE_SIGN_IDENTITY = "Mac Developer";
				COPY_PHASE_STRIP = NO;
				DEBUG_INFORMATION_FORMAT = "dwarf-with-dsym";
				ENABLE_NS_ASSERTIONS = NO;
				ENABLE_STRICT_OBJC_MSGSEND = YES;
				GCC_C_LANGUAGE_STANDARD = gnu11;
				GCC_NO_COMMON_BLOCKS = YES;
				GCC_WARN_64_TO_32_BIT_CONVERSION = YES;
				GCC_WARN_ABOUT_RETURN_TYPE = YES_ERROR;
				GCC_WARN_UNDECLARED_SELECTOR = YES;
				GCC_WARN_UNINITIALIZED_AUTOS = YES_AGGRESSIVE;
				GCC_WARN_UNUSED_FUNCTION = YES;
				GCC_WARN_UNUSED_VARIABLE = YES;
				MACOSX_DEPLOYMENT_TARGET = 10.13;
				MTL_ENABLE_DEBUG_INFO = NO;
				MTL_FAST_MATH = YES;
				SDKROOT = macosx;
				SWIFT_COMPILATION_MODE = wholemodule;
				SWIFT_OPTIMIZATION_LEVEL = "-O";
			};
			name = Release;
		};
		8FA6B79221A243B400A04BD0 /* Debug */ = {
			isa = XCBuildConfiguration;
			buildSettings = {
				ASSETCATALOG_COMPILER_APPICON_NAME = AppIcon;
				CODE_SIGN_ENTITLEMENTS = pom/pom.entitlements;
				CODE_SIGN_STYLE = Automatic;
				COMBINE_HIDPI_IMAGES = YES;
				DEVELOPMENT_TEAM = 596XC8BBD7;
				INFOPLIST_FILE = pom/Info.plist;
				LD_RUNPATH_SEARCH_PATHS = (
					"$(inherited)",
					"@executable_path/../Frameworks",
				);
				PRODUCT_BUNDLE_IDENTIFIER = com.alexluong.pom;
				PRODUCT_NAME = "$(TARGET_NAME)";
				SWIFT_VERSION = 4.2;
			};
			name = Debug;
		};
		8FA6B79321A243B400A04BD0 /* Release */ = {
			isa = XCBuildConfiguration;
			buildSettings = {
				ASSETCATALOG_COMPILER_APPICON_NAME = AppIcon;
				CODE_SIGN_ENTITLEMENTS = pom/pom.entitlements;
				CODE_SIGN_STYLE = Automatic;
				COMBINE_HIDPI_IMAGES = YES;
				DEVELOPMENT_TEAM = 596XC8BBD7;
				INFOPLIST_FILE = pom/Info.plist;
				LD_RUNPATH_SEARCH_PATHS = (
					"$(inherited)",
					"@executable_path/../Frameworks",
				);
				PRODUCT_BUNDLE_IDENTIFIER = com.alexluong.pom;
				PRODUCT_NAME = "$(TARGET_NAME)";
				SWIFT_VERSION = 4.2;
			};
			name = Release;
		};
/* End XCBuildConfiguration section */

/* Begin XCConfigurationList section */
		8FA6B77C21A243B400A04BD0 /* Build configuration list for PBXProject "pom" */ = {
			isa = XCConfigurationList;
			buildConfigurations = (
				8FA6B78F21A243B400A04BD0 /* Debug */,
				8FA6B79021A243B400A04BD0 /* Release */,
			);
			defaultConfigurationIsVisible = 0;
			defaultConfigurationName = Release;
		};
		8FA6B79121A243B400A04BD0 /* Build configuration list for PBXNativeTarget "pom" */ = {
			isa = XCConfigurationList;
			buildConfigurations = (
				8FA6B79221A243B400A04BD0 /* Debug */,
				8FA6B79321A243B400A04BD0 /* Release */,
			);
			defaultConfigurationIsVisible = 0;
			defaultConfigurationName = Release;
		};
/* End XCConfigurationList section */
	};
	rootObject = 8FA6B77921A243B400A04BD0 /* Project object */;
}
